{
	"name": "sha3-512",
	"version": "1.0.0",
	"lockfileVersion": 3,
	"requires": true,
	"packages": {
		"": {
			"name": "sha3-512",
			"version": "1.0.0",
			"license": "ISC",
			"bin": {
				"sha3-512": "bin/sha3-512.js"
			},
			"devDependencies": {
				"@biomejs/biome": "^2.5.1",
				"@types/node": "24.10.2",
				"@typescript/native-preview": "^7.0.0-dev.20260629.1",
				"wabt": "^1.0.39"
			}
		},
		"node_modules/@biomejs/biome": {
			"version": "2.5.1",
			"resolved": "https://registry.npmjs.org/@biomejs/biome/-/biome-2.5.1.tgz",
			"integrity": "sha512-IXWLCxKmae+rI7LOHS1B3EbVisQ6GRAWbhN9msa6KjNCyFWrvKZWR4oUdinaNssrV852OrSHuSPa95h1GPJc7Q==",
			"dev": true,
			"license": "MIT OR Apache-2.0",
			"bin": {
				"biome": "bin/biome"
			},
			"engines": {
				"node": ">=14.21.3"
			},
			"funding": {
				"type": "opencollective",
				"url": "https://opencollective.com/biome"
			},
			"optionalDependencies": {
				"@biomejs/cli-darwin-arm64": "2.5.1",
				"@biomejs/cli-darwin-x64": "2.5.1",
				"@biomejs/cli-linux-arm64": "2.5.1",
				"@biomejs/cli-linux-arm64-musl": "2.5.1",
				"@biomejs/cli-linux-x64": "2.5.1",
				"@biomejs/cli-linux-x64-musl": "2.5.1",
				"@biomejs/cli-win32-arm64": "2.5.1",
				"@biomejs/cli-win32-x64": "2.5.1"
			}
		},
		"node_modules/@biomejs/cli-darwin-arm64": {
			"version": "2.5.1",
			"resolved": "https://registry.npmjs.org/@biomejs/cli-darwin-arm64/-/cli-darwin-arm64-2.5.1.tgz",
			"integrity": "sha512-npqDzvqv7vFaWRiNN1Te71siRgPaqS9MpqgYCdP/CrUbkJ7ApezaeaKjueKHRN/JH/6lRjJQAHi8acQDCAz22w==",
			"cpu": [
				"arm64"
			],
			"dev": true,
			"license": "MIT OR Apache-2.0",
			"optional": true,
			"os": [
				"darwin"
			],
			"engines": {
				"node": ">=14.21.3"
			}
		},
		"node_modules/@biomejs/cli-darwin-x64": {
			"version": "2.5.1",
			"resolved": "https://registry.npmjs.org/@biomejs/cli-darwin-x64/-/cli-darwin-x64-2.5.1.tgz",
			"integrity": "sha512-RgwTqPAM8g2tn1j+b5oRjF/DbSBX8a4gwojtuG9XuhfK7GgomvZ9+T+tqjXiVbjLEeGJOoL6VEk8mvRTVeSybw==",
			"cpu": [
				"x64"
			],
			"dev": true,
			"license": "MIT OR Apache-2.0",
			"optional": true,
			"os": [
				"darwin"
			],
			"engines": {
				"node": ">=14.21.3"
			}
		},
		"node_modules/@biomejs/cli-linux-arm64": {
			"version": "2.5.1",
			"resolved": "https://registry.npmjs.org/@biomejs/cli-linux-arm64/-/cli-linux-arm64-2.5.1.tgz",
			"integrity": "sha512-yhV35CzZh38VyMvTEXi3JTjxZBs++oCKK9KG8vB6VI5+uvQvZNR3BFWEKKzuOmx9DJJj7sQpZ4LQJcmbGTs3+Q==",
			"cpu": [
				"arm64"
			],
			"dev": true,
			"libc": [
				"glibc"
			],
			"license": "MIT OR Apache-2.0",
			"optional": true,
			"os": [
				"linux"
			],
			"engines": {
				"node": ">=14.21.3"
			}
		},
		"node_modules/@biomejs/cli-linux-arm64-musl": {
			"version": "2.5.1",
			"resolved": "https://registry.npmjs.org/@biomejs/cli-linux-arm64-musl/-/cli-linux-arm64-musl-2.5.1.tgz",
			"integrity": "sha512-WMcvMLgByyTqVxGlq918NBBYliq9FRR9GAQVETHb+VjGVqXCZFfHlZHC1FX4ibuYY/Hg6TJE3rHU0xVrdJXNRw==",
			"cpu": [
				"arm64"
			],
			"dev": true,
			"libc": [
				"musl"
			],
			"license": "MIT OR Apache-2.0",
			"optional": true,
			"os": [
				"linux"
			],
			"engines": {
				"node": ">=14.21.3"
			}
		},
		"node_modules/@biomejs/cli-linux-x64": {
			"version": "2.5.1",
			"resolved": "https://registry.npmjs.org/@biomejs/cli-linux-x64/-/cli-linux-x64-2.5.1.tgz",
			"integrity": "sha512-J/7uHSX7NfoYDI7HijAkd8lnQIOrRb2W7j3X+tw4R+N5ExvXGsyXFiGdQcfcxfOmNQmZVSQOCDk757fwpzqQcg==",
			"cpu": [
				"x64"
			],
			"dev": true,
			"libc": [
				"glibc"
			],
			"license": "MIT OR Apache-2.0",
			"optional": true,
			"os": [
				"linux"
			],
			"engines": {
				"node": ">=14.21.3"
			}
		},
		"node_modules/@biomejs/cli-linux-x64-musl": {
			"version": "2.5.1",
			"resolved": "https://registry.npmjs.org/@biomejs/cli-linux-x64-musl/-/cli-linux-x64-musl-2.5.1.tgz",
			"integrity": "sha512-ANTowtlLmPYm5yeMckWY8Xzb9Ix+JJP3tgHR/n6xRj1VWyIzzWtfRfih9hv9VmClwadpBvZduISZIbBsIlYG3A==",
			"cpu": [
				"x64"
			],
			"dev": true,
			"libc": [
				"musl"
			],
			"license": "MIT OR Apache-2.0",
			"optional": true,
			"os": [
				"linux"
			],
			"engines": {
				"node": ">=14.21.3"
			}
		},
		"node_modules/@biomejs/cli-win32-arm64": {
			"version": "2.5.1",
			"resolved": "https://registry.npmjs.org/@biomejs/cli-win32-arm64/-/cli-win32-arm64-2.5.1.tgz",
			"integrity": "sha512-zgXnKNgWPC4iPF7Y1lR3STUeCUuZRpD6IiOrC7TZTlh0Lx6FiVUT05myuMQHQ9D+1cc7uyMldi4forE6lp0ivQ==",
			"cpu": [
				"arm64"
			],
			"dev": true,
			"license": "MIT OR Apache-2.0",
			"optional": true,
			"os": [
				"win32"
			],
			"engines": {
				"node": ">=14.21.3"
			}
		},
		"node_modules/@biomejs/cli-win32-x64": {
			"version": "2.5.1",
			"resolved": "https://registry.npmjs.org/@biomejs/cli-win32-x64/-/cli-win32-x64-2.5.1.tgz",
			"integrity": "sha512-6uxpR9hvaglANkZemeSiN/FhYgkGasrEGn267eXIWvjrjJ2LhDlk251IhjVJq6MXzkV2/bcXwLwSroLyPtqRZg==",
			"cpu": [
				"x64"
			],
			"dev": true,
			"license": "MIT OR Apache-2.0",
			"optional": true,
			"os": [
				"win32"
			],
			"engines": {
				"node": ">=14.21.3"
			}
		},
		"node_modules/@types/node": {
			"version": "24.10.2",
			"resolved": "https://registry.npmjs.org/@types/node/-/node-24.10.2.tgz",
			"integrity": "sha512-WOhQTZ4G8xZ1tjJTvKOpyEVSGgOTvJAfDK3FNFgELyaTpzhdgHVHeqW8V+UJvzF5BT+/B54T/1S2K6gd9c7bbA==",
			"dev": true,
			"license": "MIT",
			"dependencies": {
				"undici-types": "~7.16.0"
			}
		},
		"node_modules/@typescript/native-preview": {
			"version": "7.0.0-dev.20260629.1",
			"resolved": "https://registry.npmjs.org/@typescript/native-preview/-/native-preview-7.0.0-dev.20260629.1.tgz",
			"integrity": "sha512-KImWFkxGUa/V78bUEAgzeJQT+6wKQXDDYHHrOavof8wnbMCpj86KuPNyBIPQMtoHiz2If8aNTums2m50oE3oqw==",
			"dev": true,
			"license": "Apache-2.0",
			"bin": {
				"tsgo": "bin/tsgo"
			},
			"engines": {
				"node": ">=16.20.0"
			},
			"optionalDependencies": {
				"@typescript/native-preview-darwin-arm64": "7.0.0-dev.20260629.1",
				"@typescript/native-preview-darwin-x64": "7.0.0-dev.20260629.1",
				"@typescript/native-preview-linux-arm": "7.0.0-dev.20260629.1",
				"@typescript/native-preview-linux-arm64": "7.0.0-dev.20260629.1",
				"@typescript/native-preview-linux-x64": "7.0.0-dev.20260629.1",
				"@typescript/native-preview-win32-arm64": "7.0.0-dev.20260629.1",
				"@typescript/native-preview-win32-x64": "7.0.0-dev.20260629.1"
			}
		},
		"node_modules/@typescript/native-preview-darwin-arm64": {
			"version": "7.0.0-dev.20260629.1",
			"resolved": "https://registry.npmjs.org/@typescript/native-preview-darwin-arm64/-/native-preview-darwin-arm64-7.0.0-dev.20260629.1.tgz",
			"integrity": "sha512-wXRExZJweYoTzE4atRR7T5HwKJYkl6/KHxON0eF0iy2fvgLXDlyq4AQqhmV8mMx10PQKc/4sNbfhD4kjWWvm8A==",
			"cpu": [
				"arm64"
			],
			"dev": true,
			"license": "Apache-2.0",
			"optional": true,
			"os": [
				"darwin"
			],
			"engines": {
				"node": ">=16.20.0"
			}
		},
		"node_modules/@typescript/native-preview-darwin-x64": {
			"version": "7.0.0-dev.20260629.1",
			"resolved": "https://registry.npmjs.org/@typescript/native-preview-darwin-x64/-/native-preview-darwin-x64-7.0.0-dev.20260629.1.tgz",
			"integrity": "sha512-xkL/tETzUuDxfRkk2rD0/CjjjGLyOLHeE103T52rpgj0VNSXMnn7tTiw+TSdxnS61b8ImOrWgQJujhPFTp0jng==",
			"cpu": [
				"x64"
			],
			"dev": true,
			"license": "Apache-2.0",
			"optional": true,
			"os": [
				"darwin"
			],
			"engines": {
				"node": ">=16.20.0"
			}
		},
		"node_modules/@typescript/native-preview-linux-arm": {
			"version": "7.0.0-dev.20260629.1",
			"resolved": "https://registry.npmjs.org/@typescript/native-preview-linux-arm/-/native-preview-linux-arm-7.0.0-dev.20260629.1.tgz",
			"integrity": "sha512-QlTxO+O6yELc0NYZZYIbncZhkhw+K/vBoVg+mKipbEIK5b1E6cwW7ivWIrDp1FfssQ0Wu7zxincPappoci7KNw==",
			"cpu": [
				"arm"
			],
			"dev": true,
			"license": "Apache-2.0",
			"optional": true,
			"os": [
				"linux"
			],
			"engines": {
				"node": ">=16.20.0"
			}
		},
		"node_modules/@typescript/native-preview-linux-arm64": {
			"version": "7.0.0-dev.20260629.1",
			"resolved": "https://registry.npmjs.org/@typescript/native-preview-linux-arm64/-/native-preview-linux-arm64-7.0.0-dev.20260629.1.tgz",
			"integrity": "sha512-y4ey82krq4iLNHML4G1dUObBWY6gNAjVqaUHFDv7+LBu5bfAJy8VClBaLtAJce3siQQeB0/4SkN4XsAa0oZktQ==",
			"cpu": [
				"arm64"
			],
			"dev": true,
			"license": "Apache-2.0",
			"optional": true,
			"os": [
				"linux"
			],
			"engines": {
				"node": ">=16.20.0"
			}
		},
		"node_modules/@typescript/native-preview-linux-x64": {
			"version": "7.0.0-dev.20260629.1",
			"resolved": "https://registry.npmjs.org/@typescript/native-preview-linux-x64/-/native-preview-linux-x64-7.0.0-dev.20260629.1.tgz",
			"integrity": "sha512-ckb4HyugC5beDpOMPOVpEx1H3l2Z2RgsGPxFOLGMU6LLIHQwlCaSdRjSfH8Hq8yffPgKuotTQLdA89cP1IC8xQ==",
			"cpu": [
				"x64"
			],
			"dev": true,
			"license": "Apache-2.0",
			"optional": true,
			"os": [
				"linux"
			],
			"engines": {
				"node": ">=16.20.0"
			}
		},
		"node_modules/@typescript/native-preview-win32-arm64": {
			"version": "7.0.0-dev.20260629.1",
			"resolved": "https://registry.npmjs.org/@typescript/native-preview-win32-arm64/-/native-preview-win32-arm64-7.0.0-dev.20260629.1.tgz",
			"integrity": "sha512-Ktgepu9p0blqrbiryzYrw11ddnbESXPdeGKURDG/wXESoHQETsMNxKWhqAo587ItNnWjKOBFxoEM22eP9OzKnw==",
			"cpu": [
				"arm64"
			],
			"dev": true,
			"license": "Apache-2.0",
			"optional": true,
			"os": [
				"win32"
			],
			"engines": {
				"node": ">=16.20.0"
			}
		},
		"node_modules/@typescript/native-preview-win32-x64": {
			"version": "7.0.0-dev.20260629.1",
			"resolved": "https://registry.npmjs.org/@typescript/native-preview-win32-x64/-/native-preview-win32-x64-7.0.0-dev.20260629.1.tgz",
			"integrity": "sha512-b2wmeIpFJs/peej3NG26320ya+iYQz21JzFYDrnvtsEeR/g66rB9uvp4Owo4J1AG/BcmRWC/nuwrBy3Jdb+UDA==",
			"cpu": [
				"x64"
			],
			"dev": true,
			"license": "Apache-2.0",
			"optional": true,
			"os": [
				"win32"
			],
			"engines": {
				"node": ">=16.20.0"
			}
		},
		"node_modules/undici-types": {
			"version": "7.16.0",
			"resolved": "https://registry.npmjs.org/undici-types/-/undici-types-7.16.0.tgz",
			"integrity": "sha512-Zz+aZWSj8LE6zoxD+xrjh4VfkIG8Ya6LvYkZqtUQGJPZjYl53ypCaUwWqo7eI0x66KBGeRo+mlBEkMSeSZ38Nw==",
			"dev": true,
			"license": "MIT"
		},
		"node_modules/wabt": {
			"version": "1.0.39",
			"resolved": "https://registry.npmjs.org/wabt/-/wabt-1.0.39.tgz",
			"integrity": "sha512-ba+dRL/75VQQY7RkU/CgriGbkoWAfS8TDyUlJfJhJ8KhtXgMl5dhNvoPNUcQ9IWRhW8u41glMSuZeTvsYq2rRg==",
			"dev": true,
			"license": "Apache-2.0",
			"bin": {
				"wasm-decompile": "bin/wasm-decompile",
				"wasm-interp": "bin/wasm-interp",
				"wasm-objdump": "bin/wasm-objdump",
				"wasm-stats": "bin/wasm-stats",
				"wasm-strip": "bin/wasm-strip",
				"wasm-validate": "bin/wasm-validate",
				"wasm2c": "bin/wasm2c",
				"wasm2wat": "bin/wasm2wat",
				"wat2wasm": "bin/wat2wasm"
			}
		}
	}
}
